
Microsoft Visual Studio Solution File, Format Version 12.00
# Visual Studio 15
Project("{FAE04EC0-301F-11D3-BF4B-00C04F79EFBC}") = "Assembly-CSharp", "Assembly-CSharp.csproj", "{D74C245A-89F4-AB62-41C8-5F9D9E90D879}"
EndProject
Project("{FAE04EC0-301F-11D3-BF4B-00C04F79EFBC}") = "Assembly-CSharp-Editor", "Assembly-CSharp-Editor.csproj", "{3EAA9803-2EA4-FCF7-20BE-CFBFEB75D1C5}"
EndProject
Global
	GlobalSection(SolutionConfigurationPlatforms) = preSolution
		Debug|Any CPU = Debug|Any CPU
		Release|Any CPU = Release|Any CPU
	EndGlobalSection
	GlobalSection(ProjectConfigurationPlatforms) = postSolution
		{D74C245A-89F4-AB62-41C8-5F9D9E90D879}.Debug|Any CPU.ActiveCfg = Debug|Any CPU
		{D74C245A-89F4-AB62-41C8-5F9D9E90D879}.Debug|Any CPU.Build.0 = Debug|Any CPU
		{D74C245A-89F4-AB62-41C8-5F9D9E90D879}.Release|Any CPU.ActiveCfg = Release|Any CPU
		{D74C245A-89F4-AB62-41C8-5F9D9E90D879}.Release|Any CPU.Build.0 = Release|Any CPU
		{3EAA9803-2EA4-FCF7-20BE-CFBFEB75D1C5}.Debug|Any CPU.ActiveCfg = Debug|Any CPU
		{3EAA9803-2EA4-FCF7-20BE-CFBFEB75D1C5}.Debug|Any CPU.Build.0 = Debug|Any CPU
		{3EAA9803-2EA4-FCF7-20BE-CFBFEB75D1C5}.Release|Any CPU.ActiveCfg = Release|Any CPU
		{3EAA9803-2EA4-FCF7-20BE-CFBFEB75D1C5}.Release|Any CPU.Build.0 = Release|Any CPU
	EndGlobalSection
	GlobalSection(SolutionProperties) = preSolution
		HideSolutionNode = FALSE
	EndGlobalSection
EndGlobal
